
Microsoft Visual Studio Solution File, Format Version 12.00
# Visual Studio 15
VisualStudioVersion = 15.0.28307.102
MinimumVisualStudioVersion = 10.0.40219.1
Project("{FAE04EC0-301F-11D3-BF4B-00C04F79EFBC}") = "DaichiProgram", "DaichiProgram\DaichiProgram.csproj", "{7FB1BCF9-6C4E-43F3-ACD1-996C2A76B67B}"
EndProject
Project("{FAE04EC0-301F-11D3-BF4B-00C04F79EFBC}") = "UnitTestForDaichiProgram", "UnitTestForDaichiProgram\UnitTestForDaichiProgram.csproj", "{8FD015EE-3139-40B0-8373-84AA134B3FBD}"
EndProject
Global
	GlobalSection(SolutionConfigurationPlatforms) = preSolution
		Debug|Any CPU = Debug|Any CPU
		Release|Any CPU = Release|Any CPU
	EndGlobalSection
	GlobalSection(ProjectConfigurationPlatforms) = postSolution
		{7FB1BCF9-6C4E-43F3-ACD1-996C2A76B67B}.Debug|Any CPU.ActiveCfg = Debug|Any CPU
		{7FB1BCF9-6C4E-43F3-ACD1-996C2A76B67B}.Debug|Any CPU.Build.0 = Debug|Any CPU
		{7FB1BCF9-6C4E-43F3-ACD1-996C2A76B67B}.Release|Any CPU.ActiveCfg = Release|Any CPU
		{7FB1BCF9-6C4E-43F3-ACD1-996C2A76B67B}.Release|Any CPU.Build.0 = Release|Any CPU
		{8FD015EE-3139-40B0-8373-84AA134B3FBD}.Debug|Any CPU.ActiveCfg = Debug|Any CPU
		{8FD015EE-3139-40B0-8373-84AA134B3FBD}.Debug|Any CPU.Build.0 = Debug|Any CPU
		{8FD015EE-3139-40B0-8373-84AA134B3FBD}.Release|Any CPU.ActiveCfg = Release|Any CPU
		{8FD015EE-3139-40B0-8373-84AA134B3FBD}.Release|Any CPU.Build.0 = Release|Any CPU
	EndGlobalSection
	GlobalSection(SolutionProperties) = preSolution
		HideSolutionNode = FALSE
	EndGlobalSection
	GlobalSection(ExtensibilityGlobals) = postSolution
		SolutionGuid = {B865CB74-A389-406B-8F5E-062AA98C4123}
	EndGlobalSection
EndGlobal
